{
  "name": "ncert_physics_11_vol1",
  "version": "0.0.1",
  "lockfileVersion": 3,
  "requires": true,
  "packages": {
    "": {
      "name": "ncert_physics_11_vol1",
      "version": "0.0.1",
      "license": "ISC",
      "dependencies": {
        "ncert_physics_11_vol1": "^0.0.1"
      }
    },
    "node_modules/ncert_physics_11_vol1": {
      "version": "0.0.1",
      "resolved": "https://registry.npmjs.org/ncert_physics_11_vol1/-/ncert_physics_11_vol1-0.0.1.tgz",
      "integrity": "sha512-XXVy+bptsM9wxlbjj3o1I7EiP6v0mS0Ki/gxgXtwFJ7rcniU2aExTz4BUcaCyvLO9nteo/3//PyeZn6K6ZiEng==",
      "license": "ISC"
    }
  }
}
